
Microsoft Visual Studio Solution File, Format Version 12.00
# Visual Studio Version 17
VisualStudioVersion = 17.5.33627.172
MinimumVisualStudioVersion = 10.0.40219.1
Project("{2150E333-8FDC-42A3-9474-1A3956D46DE8}") = "Solution Items", "Solution Items", "{1267075A-EF6A-4D97-A38E-72C3EC0C6F35}"
	ProjectSection(SolutionItems) = preProject
		.editorconfig = .editorconfig
		.gitattributes = .gitattributes
		.gitignore = .gitignore
		docs\favicon.ico = docs\favicon.ico
		docs\index.css = docs\index.css
		LICENSE.txt = LICENSE.txt
		tools\licenses.json = tools\licenses.json
		tools\New-PublishPage.ps1 = tools\New-PublishPage.ps1
		tools\New-ThirdPartyNotices.ps1 = tools\New-ThirdPartyNotices.ps1
		tools\publish-page.xslt = tools\publish-page.xslt
		README.md = README.md
	EndProjectSection
EndProject
Project("{9A19103F-16F7-4668-BE54-9A1E7A4F7556}") = "Liber.Forms", "src\Liber.Forms\Liber.Forms.csproj", "{1E98AFB1-24AB-46FF-9588-1C34368A7589}"
EndProject
Project("{9A19103F-16F7-4668-BE54-9A1E7A4F7556}") = "Liber", "src\Liber\Liber.csproj", "{D923A044-0AAF-46C3-BA1A-4A5D8287B17A}"
EndProject
Project("{9A19103F-16F7-4668-BE54-9A1E7A4F7556}") = "Liber.Sqlite", "src\Liber.Sqlite\Liber.Sqlite.csproj", "{864739FE-0A2A-4634-8CE3-FE3C0B3B6DCD}"
EndProject
Project("{9A19103F-16F7-4668-BE54-9A1E7A4F7556}") = "Liber.Skia", "src\Liber.Skia\Liber.Skia.csproj", "{6283574A-6A41-4194-86AA-4202C3C1D891}"
EndProject
Global
	GlobalSection(SolutionConfigurationPlatforms) = preSolution
		Debug|Any CPU = Debug|Any CPU
		Debug|ARM = Debug|ARM
		Debug|ARM64 = Debug|ARM64
		Debug|x64 = Debug|x64
		Debug|x86 = Debug|x86
		Release|Any CPU = Release|Any CPU
		Release|ARM = Release|ARM
		Release|ARM64 = Release|ARM64
		Release|x64 = Release|x64
		Release|x86 = Release|x86
	EndGlobalSection
	GlobalSection(ProjectConfigurationPlatforms) = postSolution
		{1E98AFB1-24AB-46FF-9588-1C34368A7589}.Debug|Any CPU.ActiveCfg = Debug|Any CPU
		{1E98AFB1-24AB-46FF-9588-1C34368A7589}.Debug|Any CPU.Build.0 = Debug|Any CPU
		{1E98AFB1-24AB-46FF-9588-1C34368A7589}.Debug|ARM.ActiveCfg = Debug|Any CPU
		{1E98AFB1-24AB-46FF-9588-1C34368A7589}.Debug|ARM.Build.0 = Debug|Any CPU
		{1E98AFB1-24AB-46FF-9588-1C34368A7589}.Debug|ARM64.ActiveCfg = Debug|Any CPU
		{1E98AFB1-24AB-46FF-9588-1C34368A7589}.Debug|ARM64.Build.0 = Debug|Any CPU
		{1E98AFB1-24AB-46FF-9588-1C34368A7589}.Debug|x64.ActiveCfg = Debug|Any CPU
		{1E98AFB1-24AB-46FF-9588-1C34368A7589}.Debug|x64.Build.0 = Debug|Any CPU
		{1E98AFB1-24AB-46FF-9588-1C34368A7589}.Debug|x86.ActiveCfg = Debug|Any CPU
		{1E98AFB1-24AB-46FF-9588-1C34368A7589}.Debug|x86.Build.0 = Debug|Any CPU
		{1E98AFB1-24AB-46FF-9588-1C34368A7589}.Release|Any CPU.ActiveCfg = Release|Any CPU
		{1E98AFB1-24AB-46FF-9588-1C34368A7589}.Release|Any CPU.Build.0 = Release|Any CPU
		{1E98AFB1-24AB-46FF-9588-1C34368A7589}.Release|ARM.ActiveCfg = Release|Any CPU
		{1E98AFB1-24AB-46FF-9588-1C34368A7589}.Release|ARM.Build.0 = Release|Any CPU
		{1E98AFB1-24AB-46FF-9588-1C34368A7589}.Release|ARM64.ActiveCfg = Release|Any CPU
		{1E98AFB1-24AB-46FF-9588-1C34368A7589}.Release|ARM64.Build.0 = Release|Any CPU
		{1E98AFB1-24AB-46FF-9588-1C34368A7589}.Release|x64.ActiveCfg = Release|Any CPU
		{1E98AFB1-24AB-46FF-9588-1C34368A7589}.Release|x64.Build.0 = Release|Any CPU
		{1E98AFB1-24AB-46FF-9588-1C34368A7589}.Release|x86.ActiveCfg = Release|Any CPU
		{1E98AFB1-24AB-46FF-9588-1C34368A7589}.Release|x86.Build.0 = Release|Any CPU
		{D923A044-0AAF-46C3-BA1A-4A5D8287B17A}.Debug|Any CPU.ActiveCfg = Debug|Any CPU
		{D923A044-0AAF-46C3-BA1A-4A5D8287B17A}.Debug|Any CPU.Build.0 = Debug|Any CPU
		{D923A044-0AAF-46C3-BA1A-4A5D8287B17A}.Debug|ARM.ActiveCfg = Debug|Any CPU
		{D923A044-0AAF-46C3-BA1A-4A5D8287B17A}.Debug|ARM.Build.0 = Debug|Any CPU
		{D923A044-0AAF-46C3-BA1A-4A5D8287B17A}.Debug|ARM64.ActiveCfg = Debug|Any CPU
		{D923A044-0AAF-46C3-BA1A-4A5D8287B17A}.Debug|ARM64.Build.0 = Debug|Any CPU
		{D923A044-0AAF-46C3-BA1A-4A5D8287B17A}.Debug|x64.ActiveCfg = Debug|Any CPU
		{D923A044-0AAF-46C3-BA1A-4A5D8287B17A}.Debug|x64.Build.0 = Debug|Any CPU
		{D923A044-0AAF-46C3-BA1A-4A5D8287B17A}.Debug|x86.ActiveCfg = Debug|Any CPU
		{D923A044-0AAF-46C3-BA1A-4A5D8287B17A}.Debug|x86.Build.0 = Debug|Any CPU
		{D923A044-0AAF-46C3-BA1A-4A5D8287B17A}.Release|Any CPU.ActiveCfg = Release|Any CPU
		{D923A044-0AAF-46C3-BA1A-4A5D8287B17A}.Release|Any CPU.Build.0 = Release|Any CPU
		{D923A044-0AAF-46C3-BA1A-4A5D8287B17A}.Release|ARM.ActiveCfg = Release|Any CPU
		{D923A044-0AAF-46C3-BA1A-4A5D8287B17A}.Release|ARM.Build.0 = Release|Any CPU
		{D923A044-0AAF-46C3-BA1A-4A5D8287B17A}.Release|ARM64.ActiveCfg = Release|Any CPU
		{D923A044-0AAF-46C3-BA1A-4A5D8287B17A}.Release|ARM64.Build.0 = Release|Any CPU
		{D923A044-0AAF-46C3-BA1A-4A5D8287B17A}.Release|x64.ActiveCfg = Release|Any CPU
		{D923A044-0AAF-46C3-BA1A-4A5D8287B17A}.Release|x64.Build.0 = Release|Any CPU
		{D923A044-0AAF-46C3-BA1A-4A5D8287B17A}.Release|x86.ActiveCfg = Release|Any CPU
		{D923A044-0AAF-46C3-BA1A-4A5D8287B17A}.Release|x86.Build.0 = Release|Any CPU
		{864739FE-0A2A-4634-8CE3-FE3C0B3B6DCD}.Debug|Any CPU.ActiveCfg = Debug|Any CPU
		{864739FE-0A2A-4634-8CE3-FE3C0B3B6DCD}.Debug|Any CPU.Build.0 = Debug|Any CPU
		{864739FE-0A2A-4634-8CE3-FE3C0B3B6DCD}.Debug|ARM.ActiveCfg = Debug|Any CPU
		{864739FE-0A2A-4634-8CE3-FE3C0B3B6DCD}.Debug|ARM.Build.0 = Debug|Any CPU
		{864739FE-0A2A-4634-8CE3-FE3C0B3B6DCD}.Debug|ARM64.ActiveCfg = Debug|Any CPU
		{864739FE-0A2A-4634-8CE3-FE3C0B3B6DCD}.Debug|ARM64.Build.0 = Debug|Any CPU
		{864739FE-0A2A-4634-8CE3-FE3C0B3B6DCD}.Debug|x64.ActiveCfg = Debug|Any CPU
		{864739FE-0A2A-4634-8CE3-FE3C0B3B6DCD}.Debug|x64.Build.0 = Debug|Any CPU
		{864739FE-0A2A-4634-8CE3-FE3C0B3B6DCD}.Debug|x86.ActiveCfg = Debug|Any CPU
		{864739FE-0A2A-4634-8CE3-FE3C0B3B6DCD}.Debug|x86.Build.0 = Debug|Any CPU
		{864739FE-0A2A-4634-8CE3-FE3C0B3B6DCD}.Release|Any CPU.ActiveCfg = Release|Any CPU
		{864739FE-0A2A-4634-8CE3-FE3C0B3B6DCD}.Release|Any CPU.Build.0 = Release|Any CPU
		{864739FE-0A2A-4634-8CE3-FE3C0B3B6DCD}.Release|ARM.ActiveCfg = Release|Any CPU
		{864739FE-0A2A-4634-8CE3-FE3C0B3B6DCD}.Release|ARM.Build.0 = Release|Any CPU
		{864739FE-0A2A-4634-8CE3-FE3C0B3B6DCD}.Release|ARM64.ActiveCfg = Release|Any CPU
		{864739FE-0A2A-4634-8CE3-FE3C0B3B6DCD}.Release|ARM64.Build.0 = Release|Any CPU
		{864739FE-0A2A-4634-8CE3-FE3C0B3B6DCD}.Release|x64.ActiveCfg = Release|Any CPU
		{864739FE-0A2A-4634-8CE3-FE3C0B3B6DCD}.Release|x64.Build.0 = Release|Any CPU
		{864739FE-0A2A-4634-8CE3-FE3C0B3B6DCD}.Release|x86.ActiveCfg = Release|Any CPU
		{864739FE-0A2A-4634-8CE3-FE3C0B3B6DCD}.Release|x86.Build.0 = Release|Any CPU
		{6283574A-6A41-4194-86AA-4202C3C1D891}.Debug|Any CPU.ActiveCfg = Debug|Any CPU
		{6283574A-6A41-4194-86AA-4202C3C1D891}.Debug|Any CPU.Build.0 = Debug|Any CPU
		{6283574A-6A41-4194-86AA-4202C3C1D891}.Debug|ARM.ActiveCfg = Debug|Any CPU
		{6283574A-6A41-4194-86AA-4202C3C1D891}.Debug|ARM.Build.0 = Debug|Any CPU
		{6283574A-6A41-4194-86AA-4202C3C1D891}.Debug|ARM64.ActiveCfg = Debug|Any CPU
		{6283574A-6A41-4194-86AA-4202C3C1D891}.Debug|ARM64.Build.0 = Debug|Any CPU
		{6283574A-6A41-4194-86AA-4202C3C1D891}.Debug|x64.ActiveCfg = Debug|Any CPU
		{6283574A-6A41-4194-86AA-4202C3C1D891}.Debug|x64.Build.0 = Debug|Any CPU
		{6283574A-6A41-4194-86AA-4202C3C1D891}.Debug|x86.ActiveCfg = Debug|Any CPU
		{6283574A-6A41-4194-86AA-4202C3C1D891}.Debug|x86.Build.0 = Debug|Any CPU
		{6283574A-6A41-4194-86AA-4202C3C1D891}.Release|Any CPU.ActiveCfg = Release|Any CPU
		{6283574A-6A41-4194-86AA-4202C3C1D891}.Release|Any CPU.Build.0 = Release|Any CPU
		{6283574A-6A41-4194-86AA-4202C3C1D891}.Release|ARM.ActiveCfg = Release|Any CPU
		{6283574A-6A41-4194-86AA-4202C3C1D891}.Release|ARM.Build.0 = Release|Any CPU
		{6283574A-6A41-4194-86AA-4202C3C1D891}.Release|ARM64.ActiveCfg = Release|Any CPU
		{6283574A-6A41-4194-86AA-4202C3C1D891}.Release|ARM64.Build.0 = Release|Any CPU
		{6283574A-6A41-4194-86AA-4202C3C1D891}.Release|x64.ActiveCfg = Release|Any CPU
		{6283574A-6A41-4194-86AA-4202C3C1D891}.Release|x64.Build.0 = Release|Any CPU
		{6283574A-6A41-4194-86AA-4202C3C1D891}.Release|x86.ActiveCfg = Release|Any CPU
		{6283574A-6A41-4194-86AA-4202C3C1D891}.Release|x86.Build.0 = Release|Any CPU
	EndGlobalSection
	GlobalSection(SolutionProperties) = preSolution
		HideSolutionNode = FALSE
	EndGlobalSection
	GlobalSection(ExtensibilityGlobals) = postSolution
		RESX_ConfirmAddLanguageFile = True
		RESX_SortFileContentOnSave = True
		SolutionGuid = {9170A1F4-FAEF-448C-A8BC-A2D0D54864C8}
	EndGlobalSection
EndGlobal
